
Microsoft Visual Studio Solution File, Format Version 12.00
# Visual Studio 2013
VisualStudioVersion = 12.0.21005.1
MinimumVisualStudioVersion = 10.0.40219.1
Project("{FAE04EC0-301F-11D3-BF4B-00C04F79EFBC}") = "OrderEntrySystem", "OrderEntrySystem\OrderEntrySystem.csproj", "{D929C81E-01DC-4401-875E-2C21EB6BDAD3}"
EndProject
Project("{FAE04EC0-301F-11D3-BF4B-00C04F79EFBC}") = "OrderEntryEngine", "OrderEntryEngine\OrderEntryEngine.csproj", "{55BAC39B-31B1-49EF-9DFD-430488BADD3B}"
EndProject
Project("{FAE04EC0-301F-11D3-BF4B-00C04F79EFBC}") = "OrderRepository", "OrderRepository\OrderRepository.csproj", "{28FE2D12-E0FA-4F30-BB8E-AB929249E880}"
EndProject
Global
	GlobalSection(SolutionConfigurationPlatforms) = preSolution
		Debug|Any CPU = Debug|Any CPU
		Release|Any CPU = Release|Any CPU
	EndGlobalSection
	GlobalSection(ProjectConfigurationPlatforms) = postSolution
		{D929C81E-01DC-4401-875E-2C21EB6BDAD3}.Debug|Any CPU.ActiveCfg = Debug|Any CPU
		{D929C81E-01DC-4401-875E-2C21EB6BDAD3}.Debug|Any CPU.Build.0 = Debug|Any CPU
		{D929C81E-01DC-4401-875E-2C21EB6BDAD3}.Release|Any CPU.ActiveCfg = Release|Any CPU
		{D929C81E-01DC-4401-875E-2C21EB6BDAD3}.Release|Any CPU.Build.0 = Release|Any CPU
		{55BAC39B-31B1-49EF-9DFD-430488BADD3B}.Debug|Any CPU.ActiveCfg = Debug|Any CPU
		{55BAC39B-31B1-49EF-9DFD-430488BADD3B}.Debug|Any CPU.Build.0 = Debug|Any CPU
		{55BAC39B-31B1-49EF-9DFD-430488BADD3B}.Release|Any CPU.ActiveCfg = Release|Any CPU
		{55BAC39B-31B1-49EF-9DFD-430488BADD3B}.Release|Any CPU.Build.0 = Release|Any CPU
		{28FE2D12-E0FA-4F30-BB8E-AB929249E880}.Debug|Any CPU.ActiveCfg = Debug|Any CPU
		{28FE2D12-E0FA-4F30-BB8E-AB929249E880}.Debug|Any CPU.Build.0 = Debug|Any CPU
		{28FE2D12-E0FA-4F30-BB8E-AB929249E880}.Release|Any CPU.ActiveCfg = Release|Any CPU
		{28FE2D12-E0FA-4F30-BB8E-AB929249E880}.Release|Any CPU.Build.0 = Release|Any CPU
	EndGlobalSection
	GlobalSection(SolutionProperties) = preSolution
		HideSolutionNode = FALSE
	EndGlobalSection
EndGlobal
